<?xml version="1.0" encoding="utf-8"?>
<Project ToolsVersion="4.0" xmlns="http://schemas.microsoft.com/developer/msbuild/2003">
  <ItemGroup>
    <Filter Include="Source Files">
      <UniqueIdentifier>{4FC737F1-C7A5-4376-A066-2A32D752A2FF}</UniqueIdentifier>
      <Extensions>cpp;cxx;c;def</Extensions>
    </Filter>
    <Filter Include="Header Files">
      <UniqueIdentifier>{93995380-89BD-4b04-88EB-625FBE52EBFB}</UniqueIdentifier>
      <Extensions>h</Extensions>
    </Filter>
    <Filter Include="Form Files">
      <UniqueIdentifier>{99349809-55BA-4b9d-BF79-8FDBB0286EB3}</UniqueIdentifier>
      <Extensions>ui</Extensions>
    </Filter>
    <Filter Include="Resource Files">
      <UniqueIdentifier>{D9D6E242-F8AF-46E4-B9FD-80ECBC20BA3E}</UniqueIdentifier>
      <Extensions>qrc;*</Extensions>
      <ParseFiles>false</ParseFiles>
    </Filter>
    <Filter Include="Generated Files">
      <UniqueIdentifier>{71ED8ED8-ACB9-4CE9-BBE1-E00B30144E11}</UniqueIdentifier>
      <Extensions>moc;h;cpp</Extensions>
      <SourceControlFiles>False</SourceControlFiles>
    </Filter>
    <Filter Include="Generated Files\Debug">
      <UniqueIdentifier>{35dc23db-e121-4726-8a7c-c7c3daf8415c}</UniqueIdentifier>
      <Extensions>cpp;moc</Extensions>
      <SourceControlFiles>False</SourceControlFiles>
    </Filter>
    <Filter Include="Generated Files\Release">
      <UniqueIdentifier>{19239664-308d-49cf-b69d-4ac92797ca47}</UniqueIdentifier>
      <Extensions>cpp;moc</Extensions>
      <SourceControlFiles>False</SourceControlFiles>
    </Filter>
    <Filter Include="Header Files\SLIC">
      <UniqueIdentifier>{9699f89f-95da-419f-b247-52f629a963a7}</UniqueIdentifier>
    </Filter>
    <Filter Include="Source Files\SLIC">
      <UniqueIdentifier>{982918ad-3c39-4e05-8fb5-fc183fd91e73}</UniqueIdentifier>
    </Filter>
    <Filter Include="Header Files\IDSC">
      <UniqueIdentifier>{564a1a18-94b8-4794-b3ab-5d3bbdfaa62e}</UniqueIdentifier>
    </Filter>
    <Filter Include="Source Files\IDSC">
      <UniqueIdentifier>{63199667-b7be-44a2-a888-4039df6c5d75}</UniqueIdentifier>
    </Filter>
  </ItemGroup>
  <ItemGroup>
    <ClCompile Include="main.cpp">
      <Filter>Source Files</Filter>
    </ClCompile>
    <ClCompile Include="recallimage.cpp">
      <Filter>Source Files</Filter>
    </ClCompile>
    <ClCompile Include="GeneratedFiles\Debug\moc_recallimage.cpp">
      <Filter>Generated Files\Debug</Filter>
    </ClCompile>
    <ClCompile Include="GeneratedFiles\Release\moc_recallimage.cpp">
      <Filter>Generated Files\Release</Filter>
    </ClCompile>
    <ClCompile Include="GeneratedFiles\qrc_recallimage.cpp">
      <Filter>Generated Files</Filter>
    </ClCompile>
    <ClCompile Include="BasicImage.cpp">
      <Filter>Source Files</Filter>
    </ClCompile>
    <ClCompile Include="imageshow.cpp">
      <Filter>Source Files</Filter>
    </ClCompile>
    <ClCompile Include="GeneratedFiles\Debug\moc_imageshow.cpp">
      <Filter>Generated Files\Debug</Filter>
    </ClCompile>
    <ClCompile Include="GeneratedFiles\Release\moc_imageshow.cpp">
      <Filter>Generated Files\Release</Filter>
    </ClCompile>
    <ClCompile Include="SLIC\SLIC.cpp">
      <Filter>Source Files\SLIC</Filter>
    </ClCompile>
    <ClCompile Include="GenerateViewSpace.cpp">
      <Filter>Source Files</Filter>
    </ClCompile>
    <ClCompile Include="PoseModels.cpp">
      <Filter>Source Files</Filter>
    </ClCompile>
    <ClCompile Include="RecallAnalysis.cpp">
      <Filter>Source Files</Filter>
    </ClCompile>
    <ClCompile Include="Flexibility.cpp">
      <Filter>Source Files</Filter>
    </ClCompile>
    <ClCompile Include="IDSC\reference_point.cxx">
      <Filter>Source Files\IDSC</Filter>
    </ClCompile>
    <ClCompile Include="IDSC\shape_descriptor.cxx">
      <Filter>Source Files\IDSC</Filter>
    </ClCompile>
  </ItemGroup>
  <ItemGroup>
    <CustomBuild Include="recallimage.h">
      <Filter>Header Files</Filter>
    </CustomBuild>
    <CustomBuild Include="recallimage.ui">
      <Filter>Form Files</Filter>
    </CustomBuild>
    <CustomBuild Include="recallimage.qrc">
      <Filter>Resource Files</Filter>
    </CustomBuild>
    <CustomBuild Include="imageshow.h">
      <Filter>Header Files</Filter>
    </CustomBuild>
  </ItemGroup>
  <ItemGroup>
    <ClInclude Include="GeneratedFiles\ui_recallimage.h">
      <Filter>Generated Files</Filter>
    </ClInclude>
    <ClInclude Include="BasicImage.h">
      <Filter>Header Files</Filter>
    </ClInclude>
    <ClInclude Include="SLIC\SLIC.h">
      <Filter>Header Files\SLIC</Filter>
    </ClInclude>
    <ClInclude Include="FourierDescriptor.h">
      <Filter>Header Files</Filter>
    </ClInclude>
    <ClInclude Include="GenerateViewSpace.h">
      <Filter>Header Files</Filter>
    </ClInclude>
    <ClInclude Include="PoseModels.h">
      <Filter>Header Files</Filter>
    </ClInclude>
    <ClInclude Include="RecallAnalysis.h">
      <Filter>Header Files</Filter>
    </ClInclude>
    <ClInclude Include="Flexibility.h">
      <Filter>Header Files</Filter>
    </ClInclude>
    <ClInclude Include="IDSC\reference_point.hpp">
      <Filter>Header Files\IDSC</Filter>
    </ClInclude>
    <ClInclude Include="IDSC\shape_descriptor.hpp">
      <Filter>Header Files\IDSC</Filter>
    </ClInclude>
  </ItemGroup>
</Project>